
Microsoft Visual Studio Solution File, Format Version 12.00
# Visual Studio Version 17
VisualStudioVersion = 17.10.35122.118
MinimumVisualStudioVersion = 10.0.40219.1
Project("{8BC9CEB8-8B4A-11D0-8D11-00A0C91BC942}") = "20240923_Cpp", "20240923_Cpp\20240923_Cpp.vcxproj", "{B07C3308-20C1-4B57-913A-3D003FB4B971}"
EndProject
Project("{8BC9CEB8-8B4A-11D0-8D11-00A0C91BC942}") = "20240923_CppStruct", "20240923_CppStruct\20240923_CppStruct.vcxproj", "{3648E0EE-2BDB-4261-9A85-478A84CED002}"
EndProject
Global
	GlobalSection(SolutionConfigurationPlatforms) = preSolution
		Debug|x64 = Debug|x64
		Debug|x86 = Debug|x86
		Release|x64 = Release|x64
		Release|x86 = Release|x86
	EndGlobalSection
	GlobalSection(ProjectConfigurationPlatforms) = postSolution
		{B07C3308-20C1-4B57-913A-3D003FB4B971}.Debug|x64.ActiveCfg = Debug|x64
		{B07C3308-20C1-4B57-913A-3D003FB4B971}.Debug|x64.Build.0 = Debug|x64
		{B07C3308-20C1-4B57-913A-3D003FB4B971}.Debug|x86.ActiveCfg = Debug|Win32
		{B07C3308-20C1-4B57-913A-3D003FB4B971}.Debug|x86.Build.0 = Debug|Win32
		{B07C3308-20C1-4B57-913A-3D003FB4B971}.Release|x64.ActiveCfg = Release|x64
		{B07C3308-20C1-4B57-913A-3D003FB4B971}.Release|x64.Build.0 = Release|x64
		{B07C3308-20C1-4B57-913A-3D003FB4B971}.Release|x86.ActiveCfg = Release|Win32
		{B07C3308-20C1-4B57-913A-3D003FB4B971}.Release|x86.Build.0 = Release|Win32
		{3648E0EE-2BDB-4261-9A85-478A84CED002}.Debug|x64.ActiveCfg = Debug|x64
		{3648E0EE-2BDB-4261-9A85-478A84CED002}.Debug|x64.Build.0 = Debug|x64
		{3648E0EE-2BDB-4261-9A85-478A84CED002}.Debug|x86.ActiveCfg = Debug|Win32
		{3648E0EE-2BDB-4261-9A85-478A84CED002}.Debug|x86.Build.0 = Debug|Win32
		{3648E0EE-2BDB-4261-9A85-478A84CED002}.Release|x64.ActiveCfg = Release|x64
		{3648E0EE-2BDB-4261-9A85-478A84CED002}.Release|x64.Build.0 = Release|x64
		{3648E0EE-2BDB-4261-9A85-478A84CED002}.Release|x86.ActiveCfg = Release|Win32
		{3648E0EE-2BDB-4261-9A85-478A84CED002}.Release|x86.Build.0 = Release|Win32
	EndGlobalSection
	GlobalSection(SolutionProperties) = preSolution
		HideSolutionNode = FALSE
	EndGlobalSection
	GlobalSection(ExtensibilityGlobals) = postSolution
		SolutionGuid = {374479E1-A395-43E9-B41E-FDDC8F5C6D7B}
	EndGlobalSection
EndGlobal
